// !$*UTF8*$!
{
	archiveVersion = 1;
	classes = {
	};
	objectVersion = 50;
	objects = {

/* Begin PBXBuildFile section */
		6D12292522DABD4600EB8741 /* Main.storyboard in Resources */ = {isa = PBXBuildFile; fileRef = 6D12292322DABD4600EB8741 /* Main.storyboard */; };
		6D12292822DABD4600EB8741 /* Flicktastic.xcdatamodeld in Sources */ = {isa = PBXBuildFile; fileRef = 6D12292622DABD4600EB8741 /* Flicktastic.xcdatamodeld */; };
		6D12292A22DABD4700EB8741 /* Assets.xcassets in Resources */ = {isa = PBXBuildFile; fileRef = 6D12292922DABD4700EB8741 /* Assets.xcassets */; };
		6D12292D22DABD4700EB8741 /* LaunchScreen.storyboard in Resources */ = {isa = PBXBuildFile; fileRef = 6D12292B22DABD4700EB8741 /* LaunchScreen.storyboard */; };
		6D12293822DABD4700EB8741 /* FlicktasticTests.swift in Sources */ = {isa = PBXBuildFile; fileRef = 6D12293722DABD4700EB8741 /* FlicktasticTests.swift */; };
		6D12294322DABD4700EB8741 /* FlicktasticUITests.swift in Sources */ = {isa = PBXBuildFile; fileRef = 6D12294222DABD4700EB8741 /* FlicktasticUITests.swift */; };
		6D12295F22DB38E800EB8741 /* AppDelegate.swift in Sources */ = {isa = PBXBuildFile; fileRef = 6D12295E22DB38E800EB8741 /* AppDelegate.swift */; };
		6D12296122DB38FE00EB8741 /* MovieModel.swift in Sources */ = {isa = PBXBuildFile; fileRef = 6D12296022DB38FE00EB8741 /* MovieModel.swift */; };
		6D12296322DB391200EB8741 /* MovieServiceResultModel.swift in Sources */ = {isa = PBXBuildFile; fileRef = 6D12296222DB391200EB8741 /* MovieServiceResultModel.swift */; };
		6D12296522DB391A00EB8741 /* MovieRepository.swift in Sources */ = {isa = PBXBuildFile; fileRef = 6D12296422DB391A00EB8741 /* MovieRepository.swift */; };
		6D12296922DB3E1100EB8741 /* MovieServiceErrorModel.swift in Sources */ = {isa = PBXBuildFile; fileRef = 6D12296822DB3E1100EB8741 /* MovieServiceErrorModel.swift */; };
		6D12296C22DD1F7B00EB8741 /* MovieRepository.swift in Sources */ = {isa = PBXBuildFile; fileRef = 6D12296422DB391A00EB8741 /* MovieRepository.swift */; };
		6D12296E22DD1F8200EB8741 /* MovieListTestController.swift in Sources */ = {isa = PBXBuildFile; fileRef = 6D12296A22DD1F6500EB8741 /* MovieListTestController.swift */; };
		6D12297122DD1FB300EB8741 /* MovieModel.swift in Sources */ = {isa = PBXBuildFile; fileRef = 6D12296022DB38FE00EB8741 /* MovieModel.swift */; };
		6D12297222DD1FB300EB8741 /* MovieServiceResultModel.swift in Sources */ = {isa = PBXBuildFile; fileRef = 6D12296222DB391200EB8741 /* MovieServiceResultModel.swift */; };
		6D12297322DD1FB900EB8741 /* MovieServiceErrorModel.swift in Sources */ = {isa = PBXBuildFile; fileRef = 6D12296822DB3E1100EB8741 /* MovieServiceErrorModel.swift */; };
		6D12297522DD22EC00EB8741 /* MovieListViewController.swift in Sources */ = {isa = PBXBuildFile; fileRef = 6D12297422DD22EC00EB8741 /* MovieListViewController.swift */; };
		6D12297A22DD2A8B00EB8741 /* MovieListViewModel.swift in Sources */ = {isa = PBXBuildFile; fileRef = 6D12297922DD2A8B00EB8741 /* MovieListViewModel.swift */; };
		6D12297C22DD324C00EB8741 /* MovieListViewCell.swift in Sources */ = {isa = PBXBuildFile; fileRef = 6D12297B22DD324C00EB8741 /* MovieListViewCell.swift */; };
		6D12297E22DD3AED00EB8741 /* UIImageViewExtention.swift in Sources */ = {isa = PBXBuildFile; fileRef = 6D12297D22DD3AED00EB8741 /* UIImageViewExtention.swift */; };
		6D68665922E2B90B00784279 /* MovieDetailViewController.swift in Sources */ = {isa = PBXBuildFile; fileRef = 6D68665822E2B90B00784279 /* MovieDetailViewController.swift */; };
		6D68665B22E2B91700784279 /* MovieDetailViewModel.swift in Sources */ = {isa = PBXBuildFile; fileRef = 6D68665A22E2B91700784279 /* MovieDetailViewModel.swift */; };
		6D68665C22E310B500784279 /* UIImageViewExtention.swift in Sources */ = {isa = PBXBuildFile; fileRef = 6D12297D22DD3AED00EB8741 /* UIImageViewExtention.swift */; };
		6D68665D22E310C500784279 /* MovieDetailViewController.swift in Sources */ = {isa = PBXBuildFile; fileRef = 6D68665822E2B90B00784279 /* MovieDetailViewController.swift */; };
		6D68665E22E310C500784279 /* MovieDetailViewModel.swift in Sources */ = {isa = PBXBuildFile; fileRef = 6D68665A22E2B91700784279 /* MovieDetailViewModel.swift */; };
		6D68665F22E310CA00784279 /* MovieListViewController.swift in Sources */ = {isa = PBXBuildFile; fileRef = 6D12297422DD22EC00EB8741 /* MovieListViewController.swift */; };
		6D68666022E310CA00784279 /* MovieListViewCell.swift in Sources */ = {isa = PBXBuildFile; fileRef = 6D12297B22DD324C00EB8741 /* MovieListViewCell.swift */; };
		6D68666122E310CA00784279 /* MovieListViewModel.swift in Sources */ = {isa = PBXBuildFile; fileRef = 6D12297922DD2A8B00EB8741 /* MovieListViewModel.swift */; };
		6D68666322E3137F00784279 /* EncoderExtention.swift in Sources */ = {isa = PBXBuildFile; fileRef = 6D68666222E3137F00784279 /* EncoderExtention.swift */; };
		6D68666422E3138B00784279 /* EncoderExtention.swift in Sources */ = {isa = PBXBuildFile; fileRef = 6D68666222E3137F00784279 /* EncoderExtention.swift */; };
/* End PBXBuildFile section */

/* Begin PBXContainerItemProxy section */
		6D12293422DABD4700EB8741 /* PBXContainerItemProxy */ = {
			isa = PBXContainerItemProxy;
			containerPortal = 6D12291422DABD4600EB8741 /* Project object */;
			proxyType = 1;
			remoteGlobalIDString = 6D12291B22DABD4600EB8741;
			remoteInfo = Flicktastic;
		};
		6D12293F22DABD4700EB8741 /* PBXContainerItemProxy */ = {
			isa = PBXContainerItemProxy;
			containerPortal = 6D12291422DABD4600EB8741 /* Project object */;
			proxyType = 1;
			remoteGlobalIDString = 6D12291B22DABD4600EB8741;
			remoteInfo = Flicktastic;
		};
/* End PBXContainerItemProxy section */

/* Begin PBXFileReference section */
		6D12291C22DABD4600EB8741 /* Flicktastic.app */ = {isa = PBXFileReference; explicitFileType = wrapper.application; includeInIndex = 0; path = Flicktastic.app; sourceTree = BUILT_PRODUCTS_DIR; };
		6D12292422DABD4600EB8741 /* Base */ = {isa = PBXFileReference; lastKnownFileType = file.storyboard; name = Base; path = Base.lproj/Main.storyboard; sourceTree = "<group>"; };
		6D12292722DABD4600EB8741 /* Flicktastic.xcdatamodel */ = {isa = PBXFileReference; lastKnownFileType = wrapper.xcdatamodel; path = Flicktastic.xcdatamodel; sourceTree = "<group>"; };
		6D12292922DABD4700EB8741 /* Assets.xcassets */ = {isa = PBXFileReference; lastKnownFileType = folder.assetcatalog; path = Assets.xcassets; sourceTree = "<group>"; };
		6D12292C22DABD4700EB8741 /* Base */ = {isa = PBXFileReference; lastKnownFileType = file.storyboard; name = Base; path = Base.lproj/LaunchScreen.storyboard; sourceTree = "<group>"; };
		6D12292E22DABD4700EB8741 /* Info.plist */ = {isa = PBXFileReference; lastKnownFileType = text.plist.xml; path = Info.plist; sourceTree = "<group>"; };
		6D12293322DABD4700EB8741 /* FlicktasticTests.xctest */ = {isa = PBXFileReference; explicitFileType = wrapper.cfbundle; includeInIndex = 0; path = FlicktasticTests.xctest; sourceTree = BUILT_PRODUCTS_DIR; };
		6D12293722DABD4700EB8741 /* FlicktasticTests.swift */ = {isa = PBXFileReference; lastKnownFileType = sourcecode.swift; path = FlicktasticTests.swift; sourceTree = "<group>"; };
		6D12293922DABD4700EB8741 /* Info.plist */ = {isa = PBXFileReference; lastKnownFileType = text.plist.xml; path = Info.plist; sourceTree = "<group>"; };
		6D12293E22DABD4700EB8741 /* FlicktasticUITests.xctest */ = {isa = PBXFileReference; explicitFileType = wrapper.cfbundle; includeInIndex = 0; path = FlicktasticUITests.xctest; sourceTree = BUILT_PRODUCTS_DIR; };
		6D12294222DABD4700EB8741 /* FlicktasticUITests.swift */ = {isa = PBXFileReference; lastKnownFileType = sourcecode.swift; path = FlicktasticUITests.swift; sourceTree = "<group>"; };
		6D12294422DABD4700EB8741 /* Info.plist */ = {isa = PBXFileReference; lastKnownFileType = text.plist.xml; path = Info.plist; sourceTree = "<group>"; };
		6D12295E22DB38E800EB8741 /* AppDelegate.swift */ = {isa = PBXFileReference; fileEncoding = 4; lastKnownFileType = sourcecode.swift; path = AppDelegate.swift; sourceTree = "<group>"; };
		6D12296022DB38FE00EB8741 /* MovieModel.swift */ = {isa = PBXFileReference; lastKnownFileType = sourcecode.swift; path = MovieModel.swift; sourceTree = "<group>"; };
		6D12296222DB391200EB8741 /* MovieServiceResultModel.swift */ = {isa = PBXFileReference; lastKnownFileType = sourcecode.swift; path = MovieServiceResultModel.swift; sourceTree = "<group>"; };
		6D12296422DB391A00EB8741 /* MovieRepository.swift */ = {isa = PBXFileReference; lastKnownFileType = sourcecode.swift; path = MovieRepository.swift; sourceTree = "<group>"; };
		6D12296822DB3E1100EB8741 /* MovieServiceErrorModel.swift */ = {isa = PBXFileReference; lastKnownFileType = sourcecode.swift; path = MovieServiceErrorModel.swift; sourceTree = "<group>"; };
		6D12296A22DD1F6500EB8741 /* MovieListTestController.swift */ = {isa = PBXFileReference; lastKnownFileType = sourcecode.swift; path = MovieListTestController.swift; sourceTree = "<group>"; };
		6D12297422DD22EC00EB8741 /* MovieListViewController.swift */ = {isa = PBXFileReference; lastKnownFileType = sourcecode.swift; path = MovieListViewController.swift; sourceTree = "<group>"; };
		6D12297922DD2A8B00EB8741 /* MovieListViewModel.swift */ = {isa = PBXFileReference; lastKnownFileType = sourcecode.swift; path = MovieListViewModel.swift; sourceTree = "<group>"; };
		6D12297B22DD324C00EB8741 /* MovieListViewCell.swift */ = {isa = PBXFileReference; lastKnownFileType = sourcecode.swift; path = MovieListViewCell.swift; sourceTree = "<group>"; };
		6D12297D22DD3AED00EB8741 /* UIImageViewExtention.swift */ = {isa = PBXFileReference; lastKnownFileType = sourcecode.swift; path = UIImageViewExtention.swift; sourceTree = "<group>"; };
		6D68665822E2B90B00784279 /* MovieDetailViewController.swift */ = {isa = PBXFileReference; lastKnownFileType = sourcecode.swift; name = MovieDetailViewController.swift; path = Flicktastic/Code/Views/MovieDetailViewController.swift; sourceTree = SOURCE_ROOT; };
		6D68665A22E2B91700784279 /* MovieDetailViewModel.swift */ = {isa = PBXFileReference; lastKnownFileType = sourcecode.swift; name = MovieDetailViewModel.swift; path = Flicktastic/Code/Views/MovieDetailViewModel.swift; sourceTree = SOURCE_ROOT; };
		6D68666222E3137F00784279 /* EncoderExtention.swift */ = {isa = PBXFileReference; lastKnownFileType = sourcecode.swift; path = EncoderExtention.swift; sourceTree = "<group>"; };
/* End PBXFileReference section */

/* Begin PBXFrameworksBuildPhase section */
		6D12291922DABD4600EB8741 /* Frameworks */ = {
			isa = PBXFrameworksBuildPhase;
			buildActionMask = 2147483647;
			files = (
			);
			runOnlyForDeploymentPostprocessing = 0;
		};
		6D12293022DABD4700EB8741 /* Frameworks */ = {
			isa = PBXFrameworksBuildPhase;
			buildActionMask = 2147483647;
			files = (
			);
			runOnlyForDeploymentPostprocessing = 0;
		};
		6D12293B22DABD4700EB8741 /* Frameworks */ = {
			isa = PBXFrameworksBuildPhase;
			buildActionMask = 2147483647;
			files = (
			);
			runOnlyForDeploymentPostprocessing = 0;
		};
/* End PBXFrameworksBuildPhase section */

/* Begin PBXGroup section */
		6D12291322DABD4600EB8741 = {
			isa = PBXGroup;
			children = (
				6D12291E22DABD4600EB8741 /* Flicktastic */,
				6D12293622DABD4700EB8741 /* FlicktasticTests */,
				6D12294122DABD4700EB8741 /* FlicktasticUITests */,
				6D12291D22DABD4600EB8741 /* Products */,
			);
			sourceTree = "<group>";
		};
		6D12291D22DABD4600EB8741 /* Products */ = {
			isa = PBXGroup;
			children = (
				6D12291C22DABD4600EB8741 /* Flicktastic.app */,
				6D12293322DABD4700EB8741 /* FlicktasticTests.xctest */,
				6D12293E22DABD4700EB8741 /* FlicktasticUITests.xctest */,
			);
			name = Products;
			sourceTree = "<group>";
		};
		6D12291E22DABD4600EB8741 /* Flicktastic */ = {
			isa = PBXGroup;
			children = (
				6D12295D22DB386000EB8741 /* Code */,
				6D12292322DABD4600EB8741 /* Main.storyboard */,
				6D12292922DABD4700EB8741 /* Assets.xcassets */,
				6D12292B22DABD4700EB8741 /* LaunchScreen.storyboard */,
				6D12292E22DABD4700EB8741 /* Info.plist */,
				6D12292622DABD4600EB8741 /* Flicktastic.xcdatamodeld */,
			);
			path = Flicktastic;
			sourceTree = "<group>";
		};
		6D12293622DABD4700EB8741 /* FlicktasticTests */ = {
			isa = PBXGroup;
			children = (
				6D12293722DABD4700EB8741 /* FlicktasticTests.swift */,
				6D12296A22DD1F6500EB8741 /* MovieListTestController.swift */,
				6D12293922DABD4700EB8741 /* Info.plist */,
			);
			path = FlicktasticTests;
			sourceTree = "<group>";
		};
		6D12294122DABD4700EB8741 /* FlicktasticUITests */ = {
			isa = PBXGroup;
			children = (
				6D12294222DABD4700EB8741 /* FlicktasticUITests.swift */,
				6D12294422DABD4700EB8741 /* Info.plist */,
			);
			path = FlicktasticUITests;
			sourceTree = "<group>";
		};
		6D12295D22DB386000EB8741 /* Code */ = {
			isa = PBXGroup;
			children = (
				6D12296722DB393A00EB8741 /* Common */,
				6D12296622DB392500EB8741 /* Model */,
				6D12297722DD238600EB8741 /* Views */,
			);
			path = Code;
			sourceTree = "<group>";
		};
		6D12296622DB392500EB8741 /* Model */ = {
			isa = PBXGroup;
			children = (
				6D12296022DB38FE00EB8741 /* MovieModel.swift */,
				6D12296222DB391200EB8741 /* MovieServiceResultModel.swift */,
				6D12296822DB3E1100EB8741 /* MovieServiceErrorModel.swift */,
			);
			path = Model;
			sourceTree = "<group>";
		};
		6D12296722DB393A00EB8741 /* Common */ = {
			isa = PBXGroup;
			children = (
				6D12295E22DB38E800EB8741 /* AppDelegate.swift */,
				6D12296422DB391A00EB8741 /* MovieRepository.swift */,
				6D12297D22DD3AED00EB8741 /* UIImageViewExtention.swift */,
				6D68666222E3137F00784279 /* EncoderExtention.swift */,
			);
			path = Common;
			sourceTree = "<group>";
		};
		6D12297722DD238600EB8741 /* Views */ = {
			isa = PBXGroup;
			children = (
				6D12297822DD238E00EB8741 /* MovieList */,
				6D12298322E052C400EB8741 /* MovieDetail */,
			);
			path = Views;
			sourceTree = "<group>";
		};
		6D12297822DD238E00EB8741 /* MovieList */ = {
			isa = PBXGroup;
			children = (
				6D12297422DD22EC00EB8741 /* MovieListViewController.swift */,
				6D12297B22DD324C00EB8741 /* MovieListViewCell.swift */,
				6D12297922DD2A8B00EB8741 /* MovieListViewModel.swift */,
			);
			path = MovieList;
			sourceTree = "<group>";
		};
		6D12298322E052C400EB8741 /* MovieDetail */ = {
			isa = PBXGroup;
			children = (
				6D68665822E2B90B00784279 /* MovieDetailViewController.swift */,
				6D68665A22E2B91700784279 /* MovieDetailViewModel.swift */,
			);
			path = MovieDetail;
			sourceTree = "<group>";
		};
/* End PBXGroup section */

/* Begin PBXNativeTarget section */
		6D12291B22DABD4600EB8741 /* Flicktastic */ = {
			isa = PBXNativeTarget;
			buildConfigurationList = 6D12294722DABD4700EB8741 /* Build configuration list for PBXNativeTarget "Flicktastic" */;
			buildPhases = (
				6D12291822DABD4600EB8741 /* Sources */,
				6D12291922DABD4600EB8741 /* Frameworks */,
				6D12291A22DABD4600EB8741 /* Resources */,
			);
			buildRules = (
			);
			dependencies = (
			);
			name = Flicktastic;
			productName = Flicktastic;
			productReference = 6D12291C22DABD4600EB8741 /* Flicktastic.app */;
			productType = "com.apple.product-type.application";
		};
		6D12293222DABD4700EB8741 /* FlicktasticTests */ = {
			isa = PBXNativeTarget;
			buildConfigurationList = 6D12294A22DABD4700EB8741 /* Build configuration list for PBXNativeTarget "FlicktasticTests" */;
			buildPhases = (
				6D12292F22DABD4700EB8741 /* Sources */,
				6D12293022DABD4700EB8741 /* Frameworks */,
				6D12293122DABD4700EB8741 /* Resources */,
			);
			buildRules = (
			);
			dependencies = (
				6D12293522DABD4700EB8741 /* PBXTargetDependency */,
			);
			name = FlicktasticTests;
			productName = FlicktasticTests;
			productReference = 6D12293322DABD4700EB8741 /* FlicktasticTests.xctest */;
			productType = "com.apple.product-type.bundle.unit-test";
		};
		6D12293D22DABD4700EB8741 /* FlicktasticUITests */ = {
			isa = PBXNativeTarget;
			buildConfigurationList = 6D12294D22DABD4700EB8741 /* Build configuration list for PBXNativeTarget "FlicktasticUITests" */;
			buildPhases = (
				6D12293A22DABD4700EB8741 /* Sources */,
				6D12293B22DABD4700EB8741 /* Frameworks */,
				6D12293C22DABD4700EB8741 /* Resources */,
			);
			buildRules = (
			);
			dependencies = (
				6D12294022DABD4700EB8741 /* PBXTargetDependency */,
			);
			name = FlicktasticUITests;
			productName = FlicktasticUITests;
			productReference = 6D12293E22DABD4700EB8741 /* FlicktasticUITests.xctest */;
			productType = "com.apple.product-type.bundle.ui-testing";
		};
/* End PBXNativeTarget section */

/* Begin PBXProject section */
		6D12291422DABD4600EB8741 /* Project object */ = {
			isa = PBXProject;
			attributes = {
				LastSwiftUpdateCheck = 1020;
				LastUpgradeCheck = 1020;
				ORGANIZATIONNAME = "Rodolfo Castillo Vidrio";
				TargetAttributes = {
					6D12291B22DABD4600EB8741 = {
						CreatedOnToolsVersion = 10.2.1;
						LastSwiftMigration = 1020;
					};
					6D12293222DABD4700EB8741 = {
						CreatedOnToolsVersion = 10.2.1;
						TestTargetID = 6D12291B22DABD4600EB8741;
					};
					6D12293D22DABD4700EB8741 = {
						CreatedOnToolsVersion = 10.2.1;
						TestTargetID = 6D12291B22DABD4600EB8741;
					};
				};
			};
			buildConfigurationList = 6D12291722DABD4600EB8741 /* Build configuration list for PBXProject "Flicktastic" */;
			compatibilityVersion = "Xcode 9.3";
			developmentRegion = en;
			hasScannedForEncodings = 0;
			knownRegions = (
				en,
				Base,
			);
			mainGroup = 6D12291322DABD4600EB8741;
			productRefGroup = 6D12291D22DABD4600EB8741 /* Products */;
			projectDirPath = "";
			projectRoot = "";
			targets = (
				6D12291B22DABD4600EB8741 /* Flicktastic */,
				6D12293222DABD4700EB8741 /* FlicktasticTests */,
				6D12293D22DABD4700EB8741 /* FlicktasticUITests */,
			);
		};
/* End PBXProject section */

/* Begin PBXResourcesBuildPhase section */
		6D12291A22DABD4600EB8741 /* Resources */ = {
			isa = PBXResourcesBuildPhase;
			buildActionMask = 2147483647;
			files = (
				6D12292D22DABD4700EB8741 /* LaunchScreen.storyboard in Resources */,
				6D12292A22DABD4700EB8741 /* Assets.xcassets in Resources */,
				6D12292522DABD4600EB8741 /* Main.storyboard in Resources */,
			);
			runOnlyForDeploymentPostprocessing = 0;
		};
		6D12293122DABD4700EB8741 /* Resources */ = {
			isa = PBXResourcesBuildPhase;
			buildActionMask = 2147483647;
			files = (
			);
			runOnlyForDeploymentPostprocessing = 0;
		};
		6D12293C22DABD4700EB8741 /* Resources */ = {
			isa = PBXResourcesBuildPhase;
			buildActionMask = 2147483647;
			files = (
			);
			runOnlyForDeploymentPostprocessing = 0;
		};
/* End PBXResourcesBuildPhase section */

/* Begin PBXSourcesBuildPhase section */
		6D12291822DABD4600EB8741 /* Sources */ = {
			isa = PBXSourcesBuildPhase;
			buildActionMask = 2147483647;
			files = (
				6D12296122DB38FE00EB8741 /* MovieModel.swift in Sources */,
				6D12297E22DD3AED00EB8741 /* UIImageViewExtention.swift in Sources */,
				6D12296322DB391200EB8741 /* MovieServiceResultModel.swift in Sources */,
				6D12297C22DD324C00EB8741 /* MovieListViewCell.swift in Sources */,
				6D68666322E3137F00784279 /* EncoderExtention.swift in Sources */,
				6D68665922E2B90B00784279 /* MovieDetailViewController.swift in Sources */,
				6D12295F22DB38E800EB8741 /* AppDelegate.swift in Sources */,
				6D12297A22DD2A8B00EB8741 /* MovieListViewModel.swift in Sources */,
				6D12296922DB3E1100EB8741 /* MovieServiceErrorModel.swift in Sources */,
				6D12297522DD22EC00EB8741 /* MovieListViewController.swift in Sources */,
				6D12296522DB391A00EB8741 /* MovieRepository.swift in Sources */,
				6D68665B22E2B91700784279 /* MovieDetailViewModel.swift in Sources */,
				6D12292822DABD4600EB8741 /* Flicktastic.xcdatamodeld in Sources */,
			);
			runOnlyForDeploymentPostprocessing = 0;
		};
		6D12292F22DABD4700EB8741 /* Sources */ = {
			isa = PBXSourcesBuildPhase;
			buildActionMask = 2147483647;
			files = (
				6D12297122DD1FB300EB8741 /* MovieModel.swift in Sources */,
				6D68665F22E310CA00784279 /* MovieListViewController.swift in Sources */,
				6D12296C22DD1F7B00EB8741 /* MovieRepository.swift in Sources */,
				6D68666022E310CA00784279 /* MovieListViewCell.swift in Sources */,
				6D68666422E3138B00784279 /* EncoderExtention.swift in Sources */,
				6D68665C22E310B500784279 /* UIImageViewExtention.swift in Sources */,
				6D12296E22DD1F8200EB8741 /* MovieListTestController.swift in Sources */,
				6D68665D22E310C500784279 /* MovieDetailViewController.swift in Sources */,
				6D12297322DD1FB900EB8741 /* MovieServiceErrorModel.swift in Sources */,
				6D12297222DD1FB300EB8741 /* MovieServiceResultModel.swift in Sources */,
				6D12293822DABD4700EB8741 /* FlicktasticTests.swift in Sources */,
				6D68665E22E310C500784279 /* MovieDetailViewModel.swift in Sources */,
				6D68666122E310CA00784279 /* MovieListViewModel.swift in Sources */,
			);
			runOnlyForDeploymentPostprocessing = 0;
		};
		6D12293A22DABD4700EB8741 /* Sources */ = {
			isa = PBXSourcesBuildPhase;
			buildActionMask = 2147483647;
			files = (
				6D12294322DABD4700EB8741 /* FlicktasticUITests.swift in Sources */,
			);
			runOnlyForDeploymentPostprocessing = 0;
		};
/* End PBXSourcesBuildPhase section */

/* Begin PBXTargetDependency section */
		6D12293522DABD4700EB8741 /* PBXTargetDependency */ = {
			isa = PBXTargetDependency;
			target = 6D12291B22DABD4600EB8741 /* Flicktastic */;
			targetProxy = 6D12293422DABD4700EB8741 /* PBXContainerItemProxy */;
		};
		6D12294022DABD4700EB8741 /* PBXTargetDependency */ = {
			isa = PBXTargetDependency;
			target = 6D12291B22DABD4600EB8741 /* Flicktastic */;
			targetProxy = 6D12293F22DABD4700EB8741 /* PBXContainerItemProxy */;
		};
/* End PBXTargetDependency section */

/* Begin PBXVariantGroup section */
		6D12292322DABD4600EB8741 /* Main.storyboard */ = {
			isa = PBXVariantGroup;
			children = (
				6D12292422DABD4600EB8741 /* Base */,
			);
			name = Main.storyboard;
			sourceTree = "<group>";
		};
		6D12292B22DABD4700EB8741 /* LaunchScreen.storyboard */ = {
			isa = PBXVariantGroup;
			children = (
				6D12292C22DABD4700EB8741 /* Base */,
			);
			name = LaunchScreen.storyboard;
			sourceTree = "<group>";
		};
/* End PBXVariantGroup section */

/* Begin XCBuildConfiguration section */
		6D12294522DABD4700EB8741 /* Debug */ = {
			isa = XCBuildConfiguration;
			buildSettings = {
				ALWAYS_SEARCH_USER_PATHS = NO;
				CLANG_ANALYZER_NONNULL = YES;
				CLANG_ANALYZER_NUMBER_OBJECT_CONVERSION = YES_AGGRESSIVE;
				CLANG_CXX_LANGUAGE_STANDARD = "gnu++14";
				CLANG_CXX_LIBRARY = "libc++";
				CLANG_ENABLE_MODULES = YES;
				CLANG_ENABLE_OBJC_ARC = YES;
				CLANG_ENABLE_OBJC_WEAK = YES;
				CLANG_WARN_BLOCK_CAPTURE_AUTORELEASING = YES;
				CLANG_WARN_BOOL_CONVERSION = YES;
				CLANG_WARN_COMMA = YES;
				CLANG_WARN_CONSTANT_CONVERSION = YES;
				CLANG_WARN_DEPRECATED_OBJC_IMPLEMENTATIONS = YES;
				CLANG_WARN_DIRECT_OBJC_ISA_USAGE = YES_ERROR;
				CLANG_WARN_DOCUMENTATION_COMMENTS = YES;
				CLANG_WARN_EMPTY_BODY = YES;
				CLANG_WARN_ENUM_CONVERSION = YES;
				CLANG_WARN_INFINITE_RECURSION = YES;
				CLANG_WARN_INT_CONVERSION = YES;
				CLANG_WARN_NON_LITERAL_NULL_CONVERSION = YES;
				CLANG_WARN_OBJC_IMPLICIT_RETAIN_SELF = YES;
				CLANG_WARN_OBJC_LITERAL_CONVERSION = YES;
				CLANG_WARN_OBJC_ROOT_CLASS = YES_ERROR;
				CLANG_WARN_RANGE_LOOP_ANALYSIS = YES;
				CLANG_WARN_STRICT_PROTOTYPES = YES;
				CLANG_WARN_SUSPICIOUS_MOVE = YES;
				CLANG_WARN_UNGUARDED_AVAILABILITY = YES_AGGRESSIVE;
				CLANG_WARN_UNREACHABLE_CODE = YES;
				CLANG_WARN__DUPLICATE_METHOD_MATCH = YES;
				CODE_SIGN_IDENTITY = "iPhone Developer";
				COPY_PHASE_STRIP = NO;
				DEBUG_INFORMATION_FORMAT = dwarf;
				ENABLE_STRICT_OBJC_MSGSEND = YES;
				ENABLE_TESTABILITY = YES;
				GCC_C_LANGUAGE_STANDARD = gnu11;
				GCC_DYNAMIC_NO_PIC = NO;
				GCC_NO_COMMON_BLOCKS = YES;
				GCC_OPTIMIZATION_LEVEL = 0;
				GCC_PREPROCESSOR_DEFINITIONS = (
					"DEBUG=1",
					"$(inherited)",
				);
				GCC_WARN_64_TO_32_BIT_CONVERSION = YES;
				GCC_WARN_ABOUT_RETURN_TYPE = YES_ERROR;
				GCC_WARN_UNDECLARED_SELECTOR = YES;
				GCC_WARN_UNINITIALIZED_AUTOS = YES_AGGRESSIVE;
				GCC_WARN_UNUSED_FUNCTION = YES;
				GCC_WARN_UNUSED_VARIABLE = YES;
				IPHONEOS_DEPLOYMENT_TARGET = 12.2;
				MTL_ENABLE_DEBUG_INFO = INCLUDE_SOURCE;
				MTL_FAST_MATH = YES;
				ONLY_ACTIVE_ARCH = YES;
				SDKROOT = iphoneos;
				SWIFT_ACTIVE_COMPILATION_CONDITIONS = DEBUG;
				SWIFT_OPTIMIZATION_LEVEL = "-Onone";
			};
			name = Debug;
		};
		6D12294622DABD4700EB8741 /* Release */ = {
			isa = XCBuildConfiguration;
			buildSettings = {
				ALWAYS_SEARCH_USER_PATHS = NO;
				CLANG_ANALYZER_NONNULL = YES;
				CLANG_ANALYZER_NUMBER_OBJECT_CONVERSION = YES_AGGRESSIVE;
				CLANG_CXX_LANGUAGE_STANDARD = "gnu++14";
				CLANG_CXX_LIBRARY = "libc++";
				CLANG_ENABLE_MODULES = YES;
				CLANG_ENABLE_OBJC_ARC = YES;
				CLANG_ENABLE_OBJC_WEAK = YES;
				CLANG_WARN_BLOCK_CAPTURE_AUTORELEASING = YES;
				CLANG_WARN_BOOL_CONVERSION = YES;
				CLANG_WARN_COMMA = YES;
				CLANG_WARN_CONSTANT_CONVERSION = YES;
				CLANG_WARN_DEPRECATED_OBJC_IMPLEMENTATIONS = YES;
				CLANG_WARN_DIRECT_OBJC_ISA_USAGE = YES_ERROR;
				CLANG_WARN_DOCUMENTATION_COMMENTS = YES;
				CLANG_WARN_EMPTY_BODY = YES;
				CLANG_WARN_ENUM_CONVERSION = YES;
				CLANG_WARN_INFINITE_RECURSION = YES;
				CLANG_WARN_INT_CONVERSION = YES;
				CLANG_WARN_NON_LITERAL_NULL_CONVERSION = YES;
				CLANG_WARN_OBJC_IMPLICIT_RETAIN_SELF = YES;
				CLANG_WARN_OBJC_LITERAL_CONVERSION = YES;
				CLANG_WARN_OBJC_ROOT_CLASS = YES_ERROR;
				CLANG_WARN_RANGE_LOOP_ANALYSIS = YES;
				CLANG_WARN_STRICT_PROTOTYPES = YES;
				CLANG_WARN_SUSPICIOUS_MOVE = YES;
				CLANG_WARN_UNGUARDED_AVAILABILITY = YES_AGGRESSIVE;
				CLANG_WARN_UNREACHABLE_CODE = YES;
				CLANG_WARN__DUPLICATE_METHOD_MATCH = YES;
				CODE_SIGN_IDENTITY = "iPhone Developer";
				COPY_PHASE_STRIP = NO;
				DEBUG_INFORMATION_FORMAT = "dwarf-with-dsym";
				ENABLE_NS_ASSERTIONS = NO;
				ENABLE_STRICT_OBJC_MSGSEND = YES;
				GCC_C_LANGUAGE_STANDARD = gnu11;
				GCC_NO_COMMON_BLOCKS = YES;
				GCC_WARN_64_TO_32_BIT_CONVERSION = YES;
				GCC_WARN_ABOUT_RETURN_TYPE = YES_ERROR;
				GCC_WARN_UNDECLARED_SELECTOR = YES;
				GCC_WARN_UNINITIALIZED_AUTOS = YES_AGGRESSIVE;
				GCC_WARN_UNUSED_FUNCTION = YES;
				GCC_WARN_UNUSED_VARIABLE = YES;
				IPHONEOS_DEPLOYMENT_TARGET = 12.2;
				MTL_ENABLE_DEBUG_INFO = NO;
				MTL_FAST_MATH = YES;
				SDKROOT = iphoneos;
				SWIFT_COMPILATION_MODE = wholemodule;
				SWIFT_OPTIMIZATION_LEVEL = "-O";
				VALIDATE_PRODUCT = YES;
			};
			name = Release;
		};
		6D12294822DABD4700EB8741 /* Debug */ = {
			isa = XCBuildConfiguration;
			buildSettings = {
				ASSETCATALOG_COMPILER_APPICON_NAME = AppIcon;
				CLANG_ENABLE_MODULES = YES;
				CODE_SIGN_STYLE = Automatic;
				DEVELOPMENT_TEAM = YFJ48SR2KW;
				INFOPLIST_FILE = Flicktastic/Info.plist;
				LD_RUNPATH_SEARCH_PATHS = (
					"$(inherited)",
					"@executable_path/Frameworks",
				);
				PRODUCT_BUNDLE_IDENTIFIER = io.rudolph.Flicktastic;
				PRODUCT_NAME = "$(TARGET_NAME)";
				SWIFT_OPTIMIZATION_LEVEL = "-Onone";
				SWIFT_VERSION = 5.0;
				TARGETED_DEVICE_FAMILY = "1,2";
			};
			name = Debug;
		};
		6D12294922DABD4700EB8741 /* Release */ = {
			isa = XCBuildConfiguration;
			buildSettings = {
				ASSETCATALOG_COMPILER_APPICON_NAME = AppIcon;
				CLANG_ENABLE_MODULES = YES;
				CODE_SIGN_STYLE = Automatic;
				DEVELOPMENT_TEAM = YFJ48SR2KW;
				INFOPLIST_FILE = Flicktastic/Info.plist;
				LD_RUNPATH_SEARCH_PATHS = (
					"$(inherited)",
					"@executable_path/Frameworks",
				);
				PRODUCT_BUNDLE_IDENTIFIER = io.rudolph.Flicktastic;
				PRODUCT_NAME = "$(TARGET_NAME)";
				SWIFT_VERSION = 5.0;
				TARGETED_DEVICE_FAMILY = "1,2";
			};
			name = Release;
		};
		6D12294B22DABD4700EB8741 /* Debug */ = {
			isa = XCBuildConfiguration;
			buildSettings = {
				ALWAYS_EMBED_SWIFT_STANDARD_LIBRARIES = YES;
				BUNDLE_LOADER = "$(TEST_HOST)";
				CODE_SIGN_STYLE = Automatic;
				DEVELOPMENT_TEAM = YFJ48SR2KW;
				INFOPLIST_FILE = FlicktasticTests/Info.plist;
				LD_RUNPATH_SEARCH_PATHS = (
					"$(inherited)",
					"@executable_path/Frameworks",
					"@loader_path/Frameworks",
				);
				PRODUCT_BUNDLE_IDENTIFIER = io.rudolph.FlicktasticTests;
				PRODUCT_NAME = "$(TARGET_NAME)";
				SWIFT_VERSION = 5.0;
				TARGETED_DEVICE_FAMILY = "1,2";
				TEST_HOST = "$(BUILT_PRODUCTS_DIR)/Flicktastic.app/Flicktastic";
			};
			name = Debug;
		};
		6D12294C22DABD4700EB8741 /* Release */ = {
			isa = XCBuildConfiguration;
			buildSettings = {
				ALWAYS_EMBED_SWIFT_STANDARD_LIBRARIES = YES;
				BUNDLE_LOADER = "$(TEST_HOST)";
				CODE_SIGN_STYLE = Automatic;
				DEVELOPMENT_TEAM = YFJ48SR2KW;
				INFOPLIST_FILE = FlicktasticTests/Info.plist;
				LD_RUNPATH_SEARCH_PATHS = (
					"$(inherited)",
					"@executable_path/Frameworks",
					"@loader_path/Frameworks",
				);
				PRODUCT_BUNDLE_IDENTIFIER = io.rudolph.FlicktasticTests;
				PRODUCT_NAME = "$(TARGET_NAME)";
				SWIFT_VERSION = 5.0;
				TARGETED_DEVICE_FAMILY = "1,2";
				TEST_HOST = "$(BUILT_PRODUCTS_DIR)/Flicktastic.app/Flicktastic";
			};
			name = Release;
		};
		6D12294E22DABD4700EB8741 /* Debug */ = {
			isa = XCBuildConfiguration;
			buildSettings = {
				ALWAYS_EMBED_SWIFT_STANDARD_LIBRARIES = YES;
				CODE_SIGN_STYLE = Automatic;
				DEVELOPMENT_TEAM = YFJ48SR2KW;
				INFOPLIST_FILE = FlicktasticUITests/Info.plist;
				LD_RUNPATH_SEARCH_PATHS = (
					"$(inherited)",
					"@executable_path/Frameworks",
					"@loader_path/Frameworks",
				);
				PRODUCT_BUNDLE_IDENTIFIER = io.rudolph.FlicktasticUITests;
				PRODUCT_NAME = "$(TARGET_NAME)";
				SWIFT_VERSION = 5.0;
				TARGETED_DEVICE_FAMILY = "1,2";
				TEST_TARGET_NAME = Flicktastic;
			};
			name = Debug;
		};
		6D12294F22DABD4700EB8741 /* Release */ = {
			isa = XCBuildConfiguration;
			buildSettings = {
				ALWAYS_EMBED_SWIFT_STANDARD_LIBRARIES = YES;
				CODE_SIGN_STYLE = Automatic;
				DEVELOPMENT_TEAM = YFJ48SR2KW;
				INFOPLIST_FILE = FlicktasticUITests/Info.plist;
				LD_RUNPATH_SEARCH_PATHS = (
					"$(inherited)",
					"@executable_path/Frameworks",
					"@loader_path/Frameworks",
				);
				PRODUCT_BUNDLE_IDENTIFIER = io.rudolph.FlicktasticUITests;
				PRODUCT_NAME = "$(TARGET_NAME)";
				SWIFT_VERSION = 5.0;
				TARGETED_DEVICE_FAMILY = "1,2";
				TEST_TARGET_NAME = Flicktastic;
			};
			name = Release;
		};
/* End XCBuildConfiguration section */

/* Begin XCConfigurationList section */
		6D12291722DABD4600EB8741 /* Build configuration list for PBXProject "Flicktastic" */ = {
			isa = XCConfigurationList;
			buildConfigurations = (
				6D12294522DABD4700EB8741 /* Debug */,
				6D12294622DABD4700EB8741 /* Release */,
			);
			defaultConfigurationIsVisible = 0;
			defaultConfigurationName = Release;
		};
		6D12294722DABD4700EB8741 /* Build configuration list for PBXNativeTarget "Flicktastic" */ = {
			isa = XCConfigurationList;
			buildConfigurations = (
				6D12294822DABD4700EB8741 /* Debug */,
				6D12294922DABD4700EB8741 /* Release */,
			);
			defaultConfigurationIsVisible = 0;
			defaultConfigurationName = Release;
		};
		6D12294A22DABD4700EB8741 /* Build configuration list for PBXNativeTarget "FlicktasticTests" */ = {
			isa = XCConfigurationList;
			buildConfigurations = (
				6D12294B22DABD4700EB8741 /* Debug */,
				6D12294C22DABD4700EB8741 /* Release */,
			);
			defaultConfigurationIsVisible = 0;
			defaultConfigurationName = Release;
		};
		6D12294D22DABD4700EB8741 /* Build configuration list for PBXNativeTarget "FlicktasticUITests" */ = {
			isa = XCConfigurationList;
			buildConfigurations = (
				6D12294E22DABD4700EB8741 /* Debug */,
				6D12294F22DABD4700EB8741 /* Release */,
			);
			defaultConfigurationIsVisible = 0;
			defaultConfigurationName = Release;
		};
/* End XCConfigurationList section */

/* Begin XCVersionGroup section */
		6D12292622DABD4600EB8741 /* Flicktastic.xcdatamodeld */ = {
			isa = XCVersionGroup;
			children = (
				6D12292722DABD4600EB8741 /* Flicktastic.xcdatamodel */,
			);
			currentVersion = 6D12292722DABD4600EB8741 /* Flicktastic.xcdatamodel */;
			path = Flicktastic.xcdatamodeld;
			sourceTree = "<group>";
			versionGroupType = wrapper.xcdatamodel;
		};
/* End XCVersionGroup section */
	};
	rootObject = 6D12291422DABD4600EB8741 /* Project object */;
}
